PODS:
  - FearthGdk (0.4.0):
    - TrustWalletCore
  - SwiftProtobuf (1.29.0)
  - TrustWalletCore (4.2.13):
    - TrustWalletCore/Core (= 4.2.13)
  - TrustWalletCore/Core (4.2.13):
    - TrustWalletCore/Types
  - TrustWalletCore/Types (4.2.13):
    - SwiftProtobuf

DEPENDENCIES:
  - FearthGdk (from `../`)

SPEC REPOS:
  trunk:
    - SwiftProtobuf
    - TrustWalletCore

EXTERNAL SOURCES:
  FearthGdk:
    :path: "../"

SPEC CHECKSUMS:
  FearthGdk: 4c606e01ce47b0046bf4b00e59427d5eaada927c
  SwiftProtobuf: b7aa08087e2ab6d162862d143020091254095f69
  TrustWalletCore: c8f02dd6830fbc8db365c9174191d3e07941df36

PODFILE CHECKSUM: f55abb272900feb230559ce106b18365f8dd16a1

COCOAPODS: 1.15.2
